
Microsoft Visual Studio Solution File, Format Version 12.00
# Visual Studio Version 16
VisualStudioVersion = 16.0.28803.452
MinimumVisualStudioVersion = 10.0.40219.1
Project("{FAE04EC0-301F-11D3-BF4B-00C04F79EFBC}") = "Sample.Android", "Sample.Android\Sample.Android.csproj", "{EAB7000E-E744-494F-99A1-C99E1D440CE2}"
EndProject
Project("{FAE04EC0-301F-11D3-BF4B-00C04F79EFBC}") = "Sample.iOS", "Sample.iOS\Sample.iOS.csproj", "{C65036FF-2421-4873-94AE-FAD84DF85913}"
EndProject
Project("{FAE04EC0-301F-11D3-BF4B-00C04F79EFBC}") = "Sample", "Sample\Sample.csproj", "{1CA49489-4DE7-4960-83FA-658C9AD18AEB}"
EndProject
Project("{9A19103F-16F7-4668-BE54-9A1E7A4F7556}") = "Plugin.VoiceToText", "..\..\src\Plugin.VoiceToText\Plugin.VoiceToText.csproj", "{FB8A11A9-B31A-40FD-BBD4-F09D1B82A96F}"
EndProject
Global
	GlobalSection(SolutionConfigurationPlatforms) = preSolution
		Debug|Any CPU = Debug|Any CPU
		Debug|iPhone = Debug|iPhone
		Debug|iPhoneSimulator = Debug|iPhoneSimulator
		Release|Any CPU = Release|Any CPU
		Release|iPhone = Release|iPhone
		Release|iPhoneSimulator = Release|iPhoneSimulator
	EndGlobalSection
	GlobalSection(ProjectConfigurationPlatforms) = postSolution
		{EAB7000E-E744-494F-99A1-C99E1D440CE2}.Debug|Any CPU.ActiveCfg = Debug|Any CPU
		{EAB7000E-E744-494F-99A1-C99E1D440CE2}.Debug|Any CPU.Build.0 = Debug|Any CPU
		{EAB7000E-E744-494F-99A1-C99E1D440CE2}.Debug|Any CPU.Deploy.0 = Debug|Any CPU
		{EAB7000E-E744-494F-99A1-C99E1D440CE2}.Debug|iPhone.ActiveCfg = Debug|Any CPU
		{EAB7000E-E744-494F-99A1-C99E1D440CE2}.Debug|iPhone.Build.0 = Debug|Any CPU
		{EAB7000E-E744-494F-99A1-C99E1D440CE2}.Debug|iPhone.Deploy.0 = Debug|Any CPU
		{EAB7000E-E744-494F-99A1-C99E1D440CE2}.Debug|iPhoneSimulator.ActiveCfg = Debug|Any CPU
		{EAB7000E-E744-494F-99A1-C99E1D440CE2}.Debug|iPhoneSimulator.Build.0 = Debug|Any CPU
		{EAB7000E-E744-494F-99A1-C99E1D440CE2}.Debug|iPhoneSimulator.Deploy.0 = Debug|Any CPU
		{EAB7000E-E744-494F-99A1-C99E1D440CE2}.Release|Any CPU.ActiveCfg = Release|Any CPU
		{EAB7000E-E744-494F-99A1-C99E1D440CE2}.Release|Any CPU.Build.0 = Release|Any CPU
		{EAB7000E-E744-494F-99A1-C99E1D440CE2}.Release|Any CPU.Deploy.0 = Release|Any CPU
		{EAB7000E-E744-494F-99A1-C99E1D440CE2}.Release|iPhone.ActiveCfg = Release|Any CPU
		{EAB7000E-E744-494F-99A1-C99E1D440CE2}.Release|iPhone.Build.0 = Release|Any CPU
		{EAB7000E-E744-494F-99A1-C99E1D440CE2}.Release|iPhone.Deploy.0 = Release|Any CPU
		{EAB7000E-E744-494F-99A1-C99E1D440CE2}.Release|iPhoneSimulator.ActiveCfg = Release|Any CPU
		{EAB7000E-E744-494F-99A1-C99E1D440CE2}.Release|iPhoneSimulator.Build.0 = Release|Any CPU
		{EAB7000E-E744-494F-99A1-C99E1D440CE2}.Release|iPhoneSimulator.Deploy.0 = Release|Any CPU
		{C65036FF-2421-4873-94AE-FAD84DF85913}.Debug|Any CPU.ActiveCfg = Debug|iPhoneSimulator
		{C65036FF-2421-4873-94AE-FAD84DF85913}.Debug|Any CPU.Build.0 = Debug|iPhoneSimulator
		{C65036FF-2421-4873-94AE-FAD84DF85913}.Debug|Any CPU.Deploy.0 = Debug|iPhoneSimulator
		{C65036FF-2421-4873-94AE-FAD84DF85913}.Debug|iPhone.ActiveCfg = Debug|iPhone
		{C65036FF-2421-4873-94AE-FAD84DF85913}.Debug|iPhone.Build.0 = Debug|iPhone
		{C65036FF-2421-4873-94AE-FAD84DF85913}.Debug|iPhone.Deploy.0 = Debug|iPhone
		{C65036FF-2421-4873-94AE-FAD84DF85913}.Debug|iPhoneSimulator.ActiveCfg = Debug|iPhoneSimulator
		{C65036FF-2421-4873-94AE-FAD84DF85913}.Debug|iPhoneSimulator.Build.0 = Debug|iPhoneSimulator
		{C65036FF-2421-4873-94AE-FAD84DF85913}.Debug|iPhoneSimulator.Deploy.0 = Debug|iPhoneSimulator
		{C65036FF-2421-4873-94AE-FAD84DF85913}.Release|Any CPU.ActiveCfg = Release|iPhone
		{C65036FF-2421-4873-94AE-FAD84DF85913}.Release|Any CPU.Build.0 = Release|iPhone
		{C65036FF-2421-4873-94AE-FAD84DF85913}.Release|Any CPU.Deploy.0 = Release|iPhone
		{C65036FF-2421-4873-94AE-FAD84DF85913}.Release|iPhone.ActiveCfg = Release|iPhone
		{C65036FF-2421-4873-94AE-FAD84DF85913}.Release|iPhone.Build.0 = Release|iPhone
		{C65036FF-2421-4873-94AE-FAD84DF85913}.Release|iPhone.Deploy.0 = Release|iPhone
		{C65036FF-2421-4873-94AE-FAD84DF85913}.Release|iPhoneSimulator.ActiveCfg = Release|iPhoneSimulator
		{C65036FF-2421-4873-94AE-FAD84DF85913}.Release|iPhoneSimulator.Build.0 = Release|iPhoneSimulator
		{C65036FF-2421-4873-94AE-FAD84DF85913}.Release|iPhoneSimulator.Deploy.0 = Release|iPhoneSimulator
		{1CA49489-4DE7-4960-83FA-658C9AD18AEB}.Debug|Any CPU.ActiveCfg = Debug|Any CPU
		{1CA49489-4DE7-4960-83FA-658C9AD18AEB}.Debug|Any CPU.Build.0 = Debug|Any CPU
		{1CA49489-4DE7-4960-83FA-658C9AD18AEB}.Debug|Any CPU.Deploy.0 = Debug|Any CPU
		{1CA49489-4DE7-4960-83FA-658C9AD18AEB}.Debug|iPhone.ActiveCfg = Debug|Any CPU
		{1CA49489-4DE7-4960-83FA-658C9AD18AEB}.Debug|iPhone.Build.0 = Debug|Any CPU
		{1CA49489-4DE7-4960-83FA-658C9AD18AEB}.Debug|iPhone.Deploy.0 = Debug|Any CPU
		{1CA49489-4DE7-4960-83FA-658C9AD18AEB}.Debug|iPhoneSimulator.ActiveCfg = Debug|Any CPU
		{1CA49489-4DE7-4960-83FA-658C9AD18AEB}.Debug|iPhoneSimulator.Build.0 = Debug|Any CPU
		{1CA49489-4DE7-4960-83FA-658C9AD18AEB}.Debug|iPhoneSimulator.Deploy.0 = Debug|Any CPU
		{1CA49489-4DE7-4960-83FA-658C9AD18AEB}.Release|Any CPU.ActiveCfg = Release|Any CPU
		{1CA49489-4DE7-4960-83FA-658C9AD18AEB}.Release|Any CPU.Build.0 = Release|Any CPU
		{1CA49489-4DE7-4960-83FA-658C9AD18AEB}.Release|Any CPU.Deploy.0 = Release|Any CPU
		{1CA49489-4DE7-4960-83FA-658C9AD18AEB}.Release|iPhone.ActiveCfg = Release|Any CPU
		{1CA49489-4DE7-4960-83FA-658C9AD18AEB}.Release|iPhone.Build.0 = Release|Any CPU
		{1CA49489-4DE7-4960-83FA-658C9AD18AEB}.Release|iPhone.Deploy.0 = Release|Any CPU
		{1CA49489-4DE7-4960-83FA-658C9AD18AEB}.Release|iPhoneSimulator.ActiveCfg = Release|Any CPU
		{1CA49489-4DE7-4960-83FA-658C9AD18AEB}.Release|iPhoneSimulator.Build.0 = Release|Any CPU
		{1CA49489-4DE7-4960-83FA-658C9AD18AEB}.Release|iPhoneSimulator.Deploy.0 = Release|Any CPU
		{FB8A11A9-B31A-40FD-BBD4-F09D1B82A96F}.Debug|Any CPU.ActiveCfg = Debug|Any CPU
		{FB8A11A9-B31A-40FD-BBD4-F09D1B82A96F}.Debug|Any CPU.Build.0 = Debug|Any CPU
		{FB8A11A9-B31A-40FD-BBD4-F09D1B82A96F}.Debug|iPhone.ActiveCfg = Debug|Any CPU
		{FB8A11A9-B31A-40FD-BBD4-F09D1B82A96F}.Debug|iPhone.Build.0 = Debug|Any CPU
		{FB8A11A9-B31A-40FD-BBD4-F09D1B82A96F}.Debug|iPhoneSimulator.ActiveCfg = Debug|Any CPU
		{FB8A11A9-B31A-40FD-BBD4-F09D1B82A96F}.Debug|iPhoneSimulator.Build.0 = Debug|Any CPU
		{FB8A11A9-B31A-40FD-BBD4-F09D1B82A96F}.Release|Any CPU.ActiveCfg = Release|Any CPU
		{FB8A11A9-B31A-40FD-BBD4-F09D1B82A96F}.Release|Any CPU.Build.0 = Release|Any CPU
		{FB8A11A9-B31A-40FD-BBD4-F09D1B82A96F}.Release|iPhone.ActiveCfg = Release|Any CPU
		{FB8A11A9-B31A-40FD-BBD4-F09D1B82A96F}.Release|iPhone.Build.0 = Release|Any CPU
		{FB8A11A9-B31A-40FD-BBD4-F09D1B82A96F}.Release|iPhoneSimulator.ActiveCfg = Release|Any CPU
		{FB8A11A9-B31A-40FD-BBD4-F09D1B82A96F}.Release|iPhoneSimulator.Build.0 = Release|Any CPU
	EndGlobalSection
	GlobalSection(SolutionProperties) = preSolution
		HideSolutionNode = FALSE
	EndGlobalSection
	GlobalSection(ExtensibilityGlobals) = postSolution
		SolutionGuid = {5A11E8A4-52BC-46DA-BD6F-B44B77B636FE}
	EndGlobalSection
EndGlobal
