
Microsoft Visual Studio Solution File, Format Version 12.00
# Visual Studio Version 16
VisualStudioVersion = 16.0.28803.452
MinimumVisualStudioVersion = 10.0.40219.1
Project("{9A19103F-16F7-4668-BE54-9A1E7A4F7556}") = "Plugin.VoiceToText", "Plugin.VoiceToText\Plugin.VoiceToText.csproj", "{B11176FB-1084-49B4-B4D8-0C930C5265EE}"
EndProject
Global
	GlobalSection(SolutionConfigurationPlatforms) = preSolution
		Debug|Any CPU = Debug|Any CPU
		Release|Any CPU = Release|Any CPU
	EndGlobalSection
	GlobalSection(ProjectConfigurationPlatforms) = postSolution
		{B11176FB-1084-49B4-B4D8-0C930C5265EE}.Debug|Any CPU.ActiveCfg = Debug|Any CPU
		{B11176FB-1084-49B4-B4D8-0C930C5265EE}.Debug|Any CPU.Build.0 = Debug|Any CPU
		{B11176FB-1084-49B4-B4D8-0C930C5265EE}.Release|Any CPU.ActiveCfg = Release|Any CPU
		{B11176FB-1084-49B4-B4D8-0C930C5265EE}.Release|Any CPU.Build.0 = Release|Any CPU
	EndGlobalSection
	GlobalSection(SolutionProperties) = preSolution
		HideSolutionNode = FALSE
	EndGlobalSection
	GlobalSection(ExtensibilityGlobals) = postSolution
		SolutionGuid = {BC46657E-2BA5-49FA-B103-1E0A2B58CF4D}
	EndGlobalSection
EndGlobal
